
Microsoft Visual Studio Solution File, Format Version 12.00
# Visual Studio Version 16
VisualStudioVersion = 16.0.30621.155
MinimumVisualStudioVersion = 10.0.40219.1
Project("{FAE04EC0-301F-11D3-BF4B-00C04F79EFBC}") = "NetCoreWebApi", "NetCoreWebApi\NetCoreWebApi.csproj", "{F8BB140A-0FBF-4E2B-B3C3-726AD436C5FF}"
EndProject
Project("{FAE04EC0-301F-11D3-BF4B-00C04F79EFBC}") = "NetCoreWebApi.Model", "NetCoreWebApi.Model\NetCoreWebApi.Model.csproj", "{4250EE35-1D9C-488D-B072-12B258AC50E6}"
EndProject
Project("{FAE04EC0-301F-11D3-BF4B-00C04F79EFBC}") = "NetCoreWebApi.IService", "NetCoreWebApi.IService\NetCoreWebApi.IService.csproj", "{FD76DA6E-682C-44D1-991C-7EA3B232BE85}"
EndProject
Project("{FAE04EC0-301F-11D3-BF4B-00C04F79EFBC}") = "NetCoreWebApi.Service", "NetCoreWebApi.Service\NetCoreWebApi.Service.csproj", "{7CA3115E-22BE-4B59-9773-F6CA7D11DD6D}"
EndProject
Project("{FAE04EC0-301F-11D3-BF4B-00C04F79EFBC}") = "NetCoreWebApi.Common", "NetCoreWebApi.Common\NetCoreWebApi.Common.csproj", "{93B261B9-3279-44B3-9B6D-3A618F5A23CC}"
EndProject
Global
	GlobalSection(SolutionConfigurationPlatforms) = preSolution
		Debug|Any CPU = Debug|Any CPU
		Release|Any CPU = Release|Any CPU
	EndGlobalSection
	GlobalSection(ProjectConfigurationPlatforms) = postSolution
		{F8BB140A-0FBF-4E2B-B3C3-726AD436C5FF}.Debug|Any CPU.ActiveCfg = Debug|Any CPU
		{F8BB140A-0FBF-4E2B-B3C3-726AD436C5FF}.Debug|Any CPU.Build.0 = Debug|Any CPU
		{F8BB140A-0FBF-4E2B-B3C3-726AD436C5FF}.Release|Any CPU.ActiveCfg = Release|Any CPU
		{F8BB140A-0FBF-4E2B-B3C3-726AD436C5FF}.Release|Any CPU.Build.0 = Release|Any CPU
		{4250EE35-1D9C-488D-B072-12B258AC50E6}.Debug|Any CPU.ActiveCfg = Debug|Any CPU
		{4250EE35-1D9C-488D-B072-12B258AC50E6}.Debug|Any CPU.Build.0 = Debug|Any CPU
		{4250EE35-1D9C-488D-B072-12B258AC50E6}.Release|Any CPU.ActiveCfg = Release|Any CPU
		{4250EE35-1D9C-488D-B072-12B258AC50E6}.Release|Any CPU.Build.0 = Release|Any CPU
		{FD76DA6E-682C-44D1-991C-7EA3B232BE85}.Debug|Any CPU.ActiveCfg = Debug|Any CPU
		{FD76DA6E-682C-44D1-991C-7EA3B232BE85}.Debug|Any CPU.Build.0 = Debug|Any CPU
		{FD76DA6E-682C-44D1-991C-7EA3B232BE85}.Release|Any CPU.ActiveCfg = Release|Any CPU
		{FD76DA6E-682C-44D1-991C-7EA3B232BE85}.Release|Any CPU.Build.0 = Release|Any CPU
		{7CA3115E-22BE-4B59-9773-F6CA7D11DD6D}.Debug|Any CPU.ActiveCfg = Debug|Any CPU
		{7CA3115E-22BE-4B59-9773-F6CA7D11DD6D}.Debug|Any CPU.Build.0 = Debug|Any CPU
		{7CA3115E-22BE-4B59-9773-F6CA7D11DD6D}.Release|Any CPU.ActiveCfg = Release|Any CPU
		{7CA3115E-22BE-4B59-9773-F6CA7D11DD6D}.Release|Any CPU.Build.0 = Release|Any CPU
		{93B261B9-3279-44B3-9B6D-3A618F5A23CC}.Debug|Any CPU.ActiveCfg = Debug|Any CPU
		{93B261B9-3279-44B3-9B6D-3A618F5A23CC}.Debug|Any CPU.Build.0 = Debug|Any CPU
		{93B261B9-3279-44B3-9B6D-3A618F5A23CC}.Release|Any CPU.ActiveCfg = Release|Any CPU
		{93B261B9-3279-44B3-9B6D-3A618F5A23CC}.Release|Any CPU.Build.0 = Release|Any CPU
	EndGlobalSection
	GlobalSection(SolutionProperties) = preSolution
		HideSolutionNode = FALSE
	EndGlobalSection
	GlobalSection(ExtensibilityGlobals) = postSolution
		SolutionGuid = {CBC97531-6382-419D-AFDA-5E650CB9D987}
	EndGlobalSection
EndGlobal
